
Microsoft Visual Studio Solution File, Format Version 12.00
# Visual Studio Version 17
VisualStudioVersion = 17.0.32112.339
MinimumVisualStudioVersion = 10.0.40219.1
Project("{FAE04EC0-301F-11D3-BF4B-00C04F79EFBC}") = "DebtManager.Application", "DebtManager.Application\DebtManager.Application.csproj", "{C2212263-AB8C-4196-9EBB-105D107F3D65}"
EndProject
Project("{FAE04EC0-301F-11D3-BF4B-00C04F79EFBC}") = "DebtManager.Infrastructure", "DebtManager.Infrastructure\DebtManager.Infrastructure.csproj", "{1A89A3AD-458F-475A-B72B-D17BB76C13B0}"
EndProject
Project("{FAE04EC0-301F-11D3-BF4B-00C04F79EFBC}") = "DebtManager.Domain", "DebtManager.Domain\DebtManager.Domain.csproj", "{6D94166F-C73E-4B35-8C67-95CB9F2F2EB7}"
EndProject
Project("{FAE04EC0-301F-11D3-BF4B-00C04F79EFBC}") = "DebtManager.API", "DebtManager.API\DebtManager.API.csproj", "{6E9C0CB1-F33E-4D82-A843-E6BB2AC1C829}"
EndProject
Global
	GlobalSection(SolutionConfigurationPlatforms) = preSolution
		Debug|Any CPU = Debug|Any CPU
		Release|Any CPU = Release|Any CPU
	EndGlobalSection
	GlobalSection(ProjectConfigurationPlatforms) = postSolution
		{C2212263-AB8C-4196-9EBB-105D107F3D65}.Debug|Any CPU.ActiveCfg = Debug|Any CPU
		{C2212263-AB8C-4196-9EBB-105D107F3D65}.Debug|Any CPU.Build.0 = Debug|Any CPU
		{C2212263-AB8C-4196-9EBB-105D107F3D65}.Release|Any CPU.ActiveCfg = Release|Any CPU
		{C2212263-AB8C-4196-9EBB-105D107F3D65}.Release|Any CPU.Build.0 = Release|Any CPU
		{1A89A3AD-458F-475A-B72B-D17BB76C13B0}.Debug|Any CPU.ActiveCfg = Debug|Any CPU
		{1A89A3AD-458F-475A-B72B-D17BB76C13B0}.Debug|Any CPU.Build.0 = Debug|Any CPU
		{1A89A3AD-458F-475A-B72B-D17BB76C13B0}.Release|Any CPU.ActiveCfg = Release|Any CPU
		{1A89A3AD-458F-475A-B72B-D17BB76C13B0}.Release|Any CPU.Build.0 = Release|Any CPU
		{6D94166F-C73E-4B35-8C67-95CB9F2F2EB7}.Debug|Any CPU.ActiveCfg = Debug|Any CPU
		{6D94166F-C73E-4B35-8C67-95CB9F2F2EB7}.Debug|Any CPU.Build.0 = Debug|Any CPU
		{6D94166F-C73E-4B35-8C67-95CB9F2F2EB7}.Release|Any CPU.ActiveCfg = Release|Any CPU
		{6D94166F-C73E-4B35-8C67-95CB9F2F2EB7}.Release|Any CPU.Build.0 = Release|Any CPU
		{6E9C0CB1-F33E-4D82-A843-E6BB2AC1C829}.Debug|Any CPU.ActiveCfg = Debug|Any CPU
		{6E9C0CB1-F33E-4D82-A843-E6BB2AC1C829}.Debug|Any CPU.Build.0 = Debug|Any CPU
		{6E9C0CB1-F33E-4D82-A843-E6BB2AC1C829}.Release|Any CPU.ActiveCfg = Release|Any CPU
		{6E9C0CB1-F33E-4D82-A843-E6BB2AC1C829}.Release|Any CPU.Build.0 = Release|Any CPU
	EndGlobalSection
	GlobalSection(SolutionProperties) = preSolution
		HideSolutionNode = FALSE
	EndGlobalSection
	GlobalSection(ExtensibilityGlobals) = postSolution
		SolutionGuid = {C0F18FDB-D7BF-4F90-9C34-1992AB5CA9DC}
	EndGlobalSection
EndGlobal
